<?xml version="1.0" encoding="utf-8"?>
<Project ToolsVersion="4.0" xmlns="http://schemas.microsoft.com/developer/msbuild/2003">
  <ItemGroup>
    <Filter Include="Source Files">
      <UniqueIdentifier>{4FC737F1-C7A5-4376-A066-2A32D752A2FF}</UniqueIdentifier>
      <Extensions>cpp;c;cc;cxx;def;odl;idl;hpj;bat;asm;asmx</Extensions>
    </Filter>
    <Filter Include="Header Files">
      <UniqueIdentifier>{93995380-89BD-4b04-88EB-625FBE52EBFB}</UniqueIdentifier>
      <Extensions>h;hh;hpp;hxx;hm;inl;inc;xsd</Extensions>
    </Filter>
    <Filter Include="Resource Files">
      <UniqueIdentifier>{67DA6AB6-F800-4c08-8B7A-83BB121AAD01}</UniqueIdentifier>
      <Extensions>rc;ico;cur;bmp;dlg;rc2;rct;bin;rgs;gif;jpg;jpeg;jpe;resx;tiff;tif;png;wav;mfcribbon-ms</Extensions>
    </Filter>
  </ItemGroup>
  <ItemGroup>
    <ClCompile Include="Main.cpp">
      <Filter>Source Files</Filter>
    </ClCompile>
    <ClCompile Include="OCR.cpp">
      <Filter>Source Files</Filter>
    </ClCompile>
    <ClCompile Include="EasyBMP.cpp">
      <Filter>Source Files</Filter>
    </ClCompile>
    <ClCompile Include="ImgConverter.cpp">
      <Filter>Source Files</Filter>
    </ClCompile>
  </ItemGroup>
  <ItemGroup>
    <ClInclude Include="include\compat_time.h">
      <Filter>Resource Files</Filter>
    </ClInclude>
    <ClInclude Include="include\config.h">
      <Filter>Resource Files</Filter>
    </ClInclude>
    <ClInclude Include="include\doublefann.h">
      <Filter>Resource Files</Filter>
    </ClInclude>
    <ClInclude Include="include\fann.h">
      <Filter>Resource Files</Filter>
    </ClInclude>
    <ClInclude Include="include\fann_activation.h">
      <Filter>Resource Files</Filter>
    </ClInclude>
    <ClInclude Include="include\fann_cascade.h">
      <Filter>Resource Files</Filter>
    </ClInclude>
    <ClInclude Include="include\fann_cpp.h">
      <Filter>Resource Files</Filter>
    </ClInclude>
    <ClInclude Include="include\fann_data.h">
      <Filter>Resource Files</Filter>
    </ClInclude>
    <ClInclude Include="include\fann_error.h">
      <Filter>Resource Files</Filter>
    </ClInclude>
    <ClInclude Include="include\fann_internal.h">
      <Filter>Resource Files</Filter>
    </ClInclude>
    <ClInclude Include="include\fann_io.h">
      <Filter>Resource Files</Filter>
    </ClInclude>
    <ClInclude Include="include\fann_train.h">
      <Filter>Resource Files</Filter>
    </ClInclude>
    <ClInclude Include="include\fixedfann.h">
      <Filter>Resource Files</Filter>
    </ClInclude>
    <ClInclude Include="include\floatfann.h">
      <Filter>Resource Files</Filter>
    </ClInclude>
    <ClInclude Include="OCR.h">
      <Filter>Header Files</Filter>
    </ClInclude>
    <ClInclude Include="common.h">
      <Filter>Header Files</Filter>
    </ClInclude>
    <ClInclude Include="include\EasyBMP.h">
      <Filter>Resource Files</Filter>
    </ClInclude>
    <ClInclude Include="include\EasyBMP_BMP.h">
      <Filter>Resource Files</Filter>
    </ClInclude>
    <ClInclude Include="include\EasyBMP_DataStructures.h">
      <Filter>Resource Files</Filter>
    </ClInclude>
    <ClInclude Include="include\EasyBMP_VariousBMPutilities.h">
      <Filter>Resource Files</Filter>
    </ClInclude>
    <ClInclude Include="ImgConverter.h">
      <Filter>Header Files</Filter>
    </ClInclude>
  </ItemGroup>
</Project>